PODS:
  - GJResourceSelector (0.1.1)

DEPENDENCIES:
  - GJResourceSelector (from `../`)

EXTERNAL SOURCES:
  GJResourceSelector:
    :path: "../"

SPEC CHECKSUMS:
  GJResourceSelector: c942a0e3b06750ab17f28d8d49732ef3220a39aa

PODFILE CHECKSUM: dad57b756856b308d9b9650c4caffe67be61f6b2

COCOAPODS: 1.14.2
